
Microsoft Visual Studio Solution File, Format Version 12.00
# Visual Studio Version 17
VisualStudioVersion = 17.0.31903.59
MinimumVisualStudioVersion = 10.0.40219.1
Project("{FAE04EC0-301F-11D3-BF4B-00C04F79EFBC}") = "ToolRun", "ToolRun\ToolRun.csproj", "{E70D9FD5-A979-4A80-8FF4-65CA4F08CB85}"
EndProject
Project("{FAE04EC0-301F-11D3-BF4B-00C04F79EFBC}") = "Tool2App.Core", "..\Tool2App\Tool2App.Core\Tool2App.Core.csproj", "{45E24F44-81FE-4EB6-AE2D-CF29CC3801C8}"
EndProject
Project("{FAE04EC0-301F-11D3-BF4B-00C04F79EFBC}") = "ToolRun.TestChild", "ToolRun.TestChild\ToolRun.TestChild.csproj", "{0D6F7826-ADD6-468A-BAE9-676BA3955F83}"
EndProject
Project("{FAE04EC0-301F-11D3-BF4B-00C04F79EFBC}") = "ToolRun.Tests", "ToolRun.Tests\ToolRun.Tests.csproj", "{0837E747-BB79-4319-BD56-BBC296EF3D03}"
EndProject
Global
	GlobalSection(SolutionConfigurationPlatforms) = preSolution
		Debug|Any CPU = Debug|Any CPU
		Debug|x64 = Debug|x64
		Debug|x86 = Debug|x86
		Release|Any CPU = Release|Any CPU
		Release|x64 = Release|x64
		Release|x86 = Release|x86
	EndGlobalSection
	GlobalSection(ProjectConfigurationPlatforms) = postSolution
		{E70D9FD5-A979-4A80-8FF4-65CA4F08CB85}.Debug|Any CPU.ActiveCfg = Debug|Any CPU
		{E70D9FD5-A979-4A80-8FF4-65CA4F08CB85}.Debug|Any CPU.Build.0 = Debug|Any CPU
		{E70D9FD5-A979-4A80-8FF4-65CA4F08CB85}.Debug|x64.ActiveCfg = Debug|Any CPU
		{E70D9FD5-A979-4A80-8FF4-65CA4F08CB85}.Debug|x64.Build.0 = Debug|Any CPU
		{E70D9FD5-A979-4A80-8FF4-65CA4F08CB85}.Debug|x86.ActiveCfg = Debug|Any CPU
		{E70D9FD5-A979-4A80-8FF4-65CA4F08CB85}.Debug|x86.Build.0 = Debug|Any CPU
		{E70D9FD5-A979-4A80-8FF4-65CA4F08CB85}.Release|Any CPU.ActiveCfg = Release|Any CPU
		{E70D9FD5-A979-4A80-8FF4-65CA4F08CB85}.Release|Any CPU.Build.0 = Release|Any CPU
		{E70D9FD5-A979-4A80-8FF4-65CA4F08CB85}.Release|x64.ActiveCfg = Release|Any CPU
		{E70D9FD5-A979-4A80-8FF4-65CA4F08CB85}.Release|x64.Build.0 = Release|Any CPU
		{E70D9FD5-A979-4A80-8FF4-65CA4F08CB85}.Release|x86.ActiveCfg = Release|Any CPU
		{E70D9FD5-A979-4A80-8FF4-65CA4F08CB85}.Release|x86.Build.0 = Release|Any CPU
		{45E24F44-81FE-4EB6-AE2D-CF29CC3801C8}.Debug|Any CPU.ActiveCfg = Debug|Any CPU
		{45E24F44-81FE-4EB6-AE2D-CF29CC3801C8}.Debug|Any CPU.Build.0 = Debug|Any CPU
		{45E24F44-81FE-4EB6-AE2D-CF29CC3801C8}.Debug|x64.ActiveCfg = Debug|Any CPU
		{45E24F44-81FE-4EB6-AE2D-CF29CC3801C8}.Debug|x64.Build.0 = Debug|Any CPU
		{45E24F44-81FE-4EB6-AE2D-CF29CC3801C8}.Debug|x86.ActiveCfg = Debug|Any CPU
		{45E24F44-81FE-4EB6-AE2D-CF29CC3801C8}.Debug|x86.Build.0 = Debug|Any CPU
		{45E24F44-81FE-4EB6-AE2D-CF29CC3801C8}.Release|Any CPU.ActiveCfg = Release|Any CPU
		{45E24F44-81FE-4EB6-AE2D-CF29CC3801C8}.Release|Any CPU.Build.0 = Release|Any CPU
		{45E24F44-81FE-4EB6-AE2D-CF29CC3801C8}.Release|x64.ActiveCfg = Release|Any CPU
		{45E24F44-81FE-4EB6-AE2D-CF29CC3801C8}.Release|x64.Build.0 = Release|Any CPU
		{45E24F44-81FE-4EB6-AE2D-CF29CC3801C8}.Release|x86.ActiveCfg = Release|Any CPU
		{45E24F44-81FE-4EB6-AE2D-CF29CC3801C8}.Release|x86.Build.0 = Release|Any CPU
		{0D6F7826-ADD6-468A-BAE9-676BA3955F83}.Debug|Any CPU.ActiveCfg = Debug|Any CPU
		{0D6F7826-ADD6-468A-BAE9-676BA3955F83}.Debug|Any CPU.Build.0 = Debug|Any CPU
		{0D6F7826-ADD6-468A-BAE9-676BA3955F83}.Debug|x64.ActiveCfg = Debug|Any CPU
		{0D6F7826-ADD6-468A-BAE9-676BA3955F83}.Debug|x64.Build.0 = Debug|Any CPU
		{0D6F7826-ADD6-468A-BAE9-676BA3955F83}.Debug|x86.ActiveCfg = Debug|Any CPU
		{0D6F7826-ADD6-468A-BAE9-676BA3955F83}.Debug|x86.Build.0 = Debug|Any CPU
		{0D6F7826-ADD6-468A-BAE9-676BA3955F83}.Release|Any CPU.ActiveCfg = Release|Any CPU
		{0D6F7826-ADD6-468A-BAE9-676BA3955F83}.Release|Any CPU.Build.0 = Release|Any CPU
		{0D6F7826-ADD6-468A-BAE9-676BA3955F83}.Release|x64.ActiveCfg = Release|Any CPU
		{0D6F7826-ADD6-468A-BAE9-676BA3955F83}.Release|x64.Build.0 = Release|Any CPU
		{0D6F7826-ADD6-468A-BAE9-676BA3955F83}.Release|x86.ActiveCfg = Release|Any CPU
		{0D6F7826-ADD6-468A-BAE9-676BA3955F83}.Release|x86.Build.0 = Release|Any CPU
		{0837E747-BB79-4319-BD56-BBC296EF3D03}.Debug|Any CPU.ActiveCfg = Debug|Any CPU
		{0837E747-BB79-4319-BD56-BBC296EF3D03}.Debug|Any CPU.Build.0 = Debug|Any CPU
		{0837E747-BB79-4319-BD56-BBC296EF3D03}.Debug|x64.ActiveCfg = Debug|Any CPU
		{0837E747-BB79-4319-BD56-BBC296EF3D03}.Debug|x64.Build.0 = Debug|Any CPU
		{0837E747-BB79-4319-BD56-BBC296EF3D03}.Debug|x86.ActiveCfg = Debug|Any CPU
		{0837E747-BB79-4319-BD56-BBC296EF3D03}.Debug|x86.Build.0 = Debug|Any CPU
		{0837E747-BB79-4319-BD56-BBC296EF3D03}.Release|Any CPU.ActiveCfg = Release|Any CPU
		{0837E747-BB79-4319-BD56-BBC296EF3D03}.Release|Any CPU.Build.0 = Release|Any CPU
		{0837E747-BB79-4319-BD56-BBC296EF3D03}.Release|x64.ActiveCfg = Release|Any CPU
		{0837E747-BB79-4319-BD56-BBC296EF3D03}.Release|x64.Build.0 = Release|Any CPU
		{0837E747-BB79-4319-BD56-BBC296EF3D03}.Release|x86.ActiveCfg = Release|Any CPU
		{0837E747-BB79-4319-BD56-BBC296EF3D03}.Release|x86.Build.0 = Release|Any CPU
	EndGlobalSection
	GlobalSection(SolutionProperties) = preSolution
		HideSolutionNode = FALSE
	EndGlobalSection
EndGlobal
