
Microsoft Visual Studio Solution File, Format Version 12.00
# Visual Studio Version 17
VisualStudioVersion = 17.0.31903.59
MinimumVisualStudioVersion = 10.0.40219.1
Project("{FAE04EC0-301F-11D3-BF4B-00C04F79EFBC}") = "Tool2App.Core", "Tool2App.Core\Tool2App.Core.csproj", "{C6138925-71D2-4894-8781-3E9C3BB0615B}"
EndProject
Project("{FAE04EC0-301F-11D3-BF4B-00C04F79EFBC}") = "Tool2App.Cli", "Tool2App.Cli\Tool2App.Cli.csproj", "{81FBC466-B5B0-4FEA-AC29-1118D1C03479}"
EndProject
Project("{FAE04EC0-301F-11D3-BF4B-00C04F79EFBC}") = "Tool2App.Tests", "Tool2App.Tests\Tool2App.Tests.csproj", "{BC3DD3D0-ECB5-4160-BAEB-2C0FFE9B306F}"
EndProject
Global
	GlobalSection(SolutionConfigurationPlatforms) = preSolution
		Debug|Any CPU = Debug|Any CPU
		Debug|x64 = Debug|x64
		Debug|x86 = Debug|x86
		Release|Any CPU = Release|Any CPU
		Release|x64 = Release|x64
		Release|x86 = Release|x86
	EndGlobalSection
	GlobalSection(ProjectConfigurationPlatforms) = postSolution
		{C6138925-71D2-4894-8781-3E9C3BB0615B}.Debug|Any CPU.ActiveCfg = Debug|Any CPU
		{C6138925-71D2-4894-8781-3E9C3BB0615B}.Debug|Any CPU.Build.0 = Debug|Any CPU
		{C6138925-71D2-4894-8781-3E9C3BB0615B}.Debug|x64.ActiveCfg = Debug|Any CPU
		{C6138925-71D2-4894-8781-3E9C3BB0615B}.Debug|x64.Build.0 = Debug|Any CPU
		{C6138925-71D2-4894-8781-3E9C3BB0615B}.Debug|x86.ActiveCfg = Debug|Any CPU
		{C6138925-71D2-4894-8781-3E9C3BB0615B}.Debug|x86.Build.0 = Debug|Any CPU
		{C6138925-71D2-4894-8781-3E9C3BB0615B}.Release|Any CPU.ActiveCfg = Release|Any CPU
		{C6138925-71D2-4894-8781-3E9C3BB0615B}.Release|Any CPU.Build.0 = Release|Any CPU
		{C6138925-71D2-4894-8781-3E9C3BB0615B}.Release|x64.ActiveCfg = Release|Any CPU
		{C6138925-71D2-4894-8781-3E9C3BB0615B}.Release|x64.Build.0 = Release|Any CPU
		{C6138925-71D2-4894-8781-3E9C3BB0615B}.Release|x86.ActiveCfg = Release|Any CPU
		{C6138925-71D2-4894-8781-3E9C3BB0615B}.Release|x86.Build.0 = Release|Any CPU
		{81FBC466-B5B0-4FEA-AC29-1118D1C03479}.Debug|Any CPU.ActiveCfg = Debug|Any CPU
		{81FBC466-B5B0-4FEA-AC29-1118D1C03479}.Debug|Any CPU.Build.0 = Debug|Any CPU
		{81FBC466-B5B0-4FEA-AC29-1118D1C03479}.Debug|x64.ActiveCfg = Debug|Any CPU
		{81FBC466-B5B0-4FEA-AC29-1118D1C03479}.Debug|x64.Build.0 = Debug|Any CPU
		{81FBC466-B5B0-4FEA-AC29-1118D1C03479}.Debug|x86.ActiveCfg = Debug|Any CPU
		{81FBC466-B5B0-4FEA-AC29-1118D1C03479}.Debug|x86.Build.0 = Debug|Any CPU
		{81FBC466-B5B0-4FEA-AC29-1118D1C03479}.Release|Any CPU.ActiveCfg = Release|Any CPU
		{81FBC466-B5B0-4FEA-AC29-1118D1C03479}.Release|Any CPU.Build.0 = Release|Any CPU
		{81FBC466-B5B0-4FEA-AC29-1118D1C03479}.Release|x64.ActiveCfg = Release|Any CPU
		{81FBC466-B5B0-4FEA-AC29-1118D1C03479}.Release|x64.Build.0 = Release|Any CPU
		{81FBC466-B5B0-4FEA-AC29-1118D1C03479}.Release|x86.ActiveCfg = Release|Any CPU
		{81FBC466-B5B0-4FEA-AC29-1118D1C03479}.Release|x86.Build.0 = Release|Any CPU
		{BC3DD3D0-ECB5-4160-BAEB-2C0FFE9B306F}.Debug|Any CPU.ActiveCfg = Debug|Any CPU
		{BC3DD3D0-ECB5-4160-BAEB-2C0FFE9B306F}.Debug|Any CPU.Build.0 = Debug|Any CPU
		{BC3DD3D0-ECB5-4160-BAEB-2C0FFE9B306F}.Debug|x64.ActiveCfg = Debug|Any CPU
		{BC3DD3D0-ECB5-4160-BAEB-2C0FFE9B306F}.Debug|x64.Build.0 = Debug|Any CPU
		{BC3DD3D0-ECB5-4160-BAEB-2C0FFE9B306F}.Debug|x86.ActiveCfg = Debug|Any CPU
		{BC3DD3D0-ECB5-4160-BAEB-2C0FFE9B306F}.Debug|x86.Build.0 = Debug|Any CPU
		{BC3DD3D0-ECB5-4160-BAEB-2C0FFE9B306F}.Release|Any CPU.ActiveCfg = Release|Any CPU
		{BC3DD3D0-ECB5-4160-BAEB-2C0FFE9B306F}.Release|Any CPU.Build.0 = Release|Any CPU
		{BC3DD3D0-ECB5-4160-BAEB-2C0FFE9B306F}.Release|x64.ActiveCfg = Release|Any CPU
		{BC3DD3D0-ECB5-4160-BAEB-2C0FFE9B306F}.Release|x64.Build.0 = Release|Any CPU
		{BC3DD3D0-ECB5-4160-BAEB-2C0FFE9B306F}.Release|x86.ActiveCfg = Release|Any CPU
		{BC3DD3D0-ECB5-4160-BAEB-2C0FFE9B306F}.Release|x86.Build.0 = Release|Any CPU
	EndGlobalSection
	GlobalSection(SolutionProperties) = preSolution
		HideSolutionNode = FALSE
	EndGlobalSection
EndGlobal
